
Microsoft Visual Studio Solution File, Format Version 12.00
# Visual Studio Version 17
VisualStudioVersion = 17.1.32421.90
MinimumVisualStudioVersion = 10.0.40219.1
Project("{FAE04EC0-301F-11D3-BF4B-00C04F79EFBC}") = "Bookstore.API", "src\Bookstore.API\Bookstore.API.csproj", "{F2B1AEBD-C513-4E47-844B-71C1867E524F}"
EndProject
Project("{FAE04EC0-301F-11D3-BF4B-00C04F79EFBC}") = "Bookstore.DAL", "src\Bookstore.DAL\Bookstore.DAL.csproj", "{BA02C98B-1AC5-47EB-BDBC-BDE0749BE66D}"
EndProject
Global
	GlobalSection(SolutionConfigurationPlatforms) = preSolution
		Debug|Any CPU = Debug|Any CPU
		Release|Any CPU = Release|Any CPU
	EndGlobalSection
	GlobalSection(ProjectConfigurationPlatforms) = postSolution
		{F2B1AEBD-C513-4E47-844B-71C1867E524F}.Debug|Any CPU.ActiveCfg = Debug|Any CPU
		{F2B1AEBD-C513-4E47-844B-71C1867E524F}.Debug|Any CPU.Build.0 = Debug|Any CPU
		{F2B1AEBD-C513-4E47-844B-71C1867E524F}.Release|Any CPU.ActiveCfg = Release|Any CPU
		{F2B1AEBD-C513-4E47-844B-71C1867E524F}.Release|Any CPU.Build.0 = Release|Any CPU
		{BA02C98B-1AC5-47EB-BDBC-BDE0749BE66D}.Debug|Any CPU.ActiveCfg = Debug|Any CPU
		{BA02C98B-1AC5-47EB-BDBC-BDE0749BE66D}.Debug|Any CPU.Build.0 = Debug|Any CPU
		{BA02C98B-1AC5-47EB-BDBC-BDE0749BE66D}.Release|Any CPU.ActiveCfg = Release|Any CPU
		{BA02C98B-1AC5-47EB-BDBC-BDE0749BE66D}.Release|Any CPU.Build.0 = Release|Any CPU
	EndGlobalSection
	GlobalSection(SolutionProperties) = preSolution
		HideSolutionNode = FALSE
	EndGlobalSection
	GlobalSection(ExtensibilityGlobals) = postSolution
		SolutionGuid = {FE32E5A2-AEC7-41B2-B6BA-2C55A5B3A83E}
	EndGlobalSection
EndGlobal
